// !$*UTF8*$!
{
	archiveVersion = 1;
	classes = {
	};
	objectVersion = 56;
	objects = {

/* Begin PBXBuildFile section */
		02BFECEC2CB10A13003CEC8A /* AppDelegate.swift in Sources */ = {isa = PBXBuildFile; fileRef = 02BFECEB2CB10A13003CEC8A /* AppDelegate.swift */; };
		02BFECEE2CB10A13003CEC8A /* SceneDelegate.swift in Sources */ = {isa = PBXBuildFile; fileRef = 02BFECED2CB10A13003CEC8A /* SceneDelegate.swift */; };
		02BFECF02CB10A13003CEC8A /* ViewController.swift in Sources */ = {isa = PBXBuildFile; fileRef = 02BFECEF2CB10A13003CEC8A /* ViewController.swift */; };
		02BFECF62CB10A13003CEC8A /* RhythmTokTok.xcdatamodeld in Sources */ = {isa = PBXBuildFile; fileRef = 02BFECF42CB10A13003CEC8A /* RhythmTokTok.xcdatamodeld */; };
		02BFECF82CB10A15003CEC8A /* Assets.xcassets in Resources */ = {isa = PBXBuildFile; fileRef = 02BFECF72CB10A15003CEC8A /* Assets.xcassets */; };
		02BFECFB2CB10A15003CEC8A /* Base in Resources */ = {isa = PBXBuildFile; fileRef = 02BFECFA2CB10A15003CEC8A /* Base */; };
		02BFED042CB10B52003CEC8A /* .swiftlint.yml in Resources */ = {isa = PBXBuildFile; fileRef = 02BFED032CB10B52003CEC8A /* .swiftlint.yml */; };
		02CFE1222CB1156C008454B8 /* RhythmTokTokWatchApp.swift in Sources */ = {isa = PBXBuildFile; fileRef = 02CFE1212CB1156C008454B8 /* RhythmTokTokWatchApp.swift */; };
		02CFE1242CB1156C008454B8 /* ContentView.swift in Sources */ = {isa = PBXBuildFile; fileRef = 02CFE1232CB1156C008454B8 /* ContentView.swift */; };
		02CFE1262CB1156D008454B8 /* Assets.xcassets in Resources */ = {isa = PBXBuildFile; fileRef = 02CFE1252CB1156D008454B8 /* Assets.xcassets */; };
		02CFE1292CB1156D008454B8 /* Preview Assets.xcassets in Resources */ = {isa = PBXBuildFile; fileRef = 02CFE1282CB1156D008454B8 /* Preview Assets.xcassets */; };
		02CFE12C2CB1156D008454B8 /* RhythmTokTokWatchApp.app in Embed Watch Content */ = {isa = PBXBuildFile; fileRef = 02CFE11F2CB1156C008454B8 /* RhythmTokTokWatchApp.app */; settings = {ATTRIBUTES = (RemoveHeadersOnCopy, ); }; };
		02CFE1322CB68479008454B8 /* ErrorHandler.swift in Sources */ = {isa = PBXBuildFile; fileRef = 02CFE1312CB68479008454B8 /* ErrorHandler.swift */; };
		02CFE1352CB7D91F008454B8 /* ErrorHandler.swift in Sources */ = {isa = PBXBuildFile; fileRef = 02CFE1312CB68479008454B8 /* ErrorHandler.swift */; };
		1E3E09162CB2989B00EE1868 /* Measure.swift in Sources */ = {isa = PBXBuildFile; fileRef = 1E3E09152CB2988300EE1868 /* Measure.swift */; };
		1E3E09182CB298AB00EE1868 /* Note.swift in Sources */ = {isa = PBXBuildFile; fileRef = 1E3E09172CB298A900EE1868 /* Note.swift */; };
		1E3E091A2CB298E600EE1868 /* MusicXMLParser.swift in Sources */ = {isa = PBXBuildFile; fileRef = 1E3E09192CB298E300EE1868 /* MusicXMLParser.swift */; };
		1E3E091C2CB29E5500EE1868 /* Pitch.swift in Sources */ = {isa = PBXBuildFile; fileRef = 1E3E091B2CB29E5100EE1868 /* Pitch.swift */; };
		1E3E091E2CB2A1F000EE1868 /* MusicPlayer.swift in Sources */ = {isa = PBXBuildFile; fileRef = 1E3E091D2CB2A1E700EE1868 /* MusicPlayer.swift */; };
		1E3E09202CB2A34200EE1868 /* LoadingViewController.swift in Sources */ = {isa = PBXBuildFile; fileRef = 1E3E091F2CB2A32500EE1868 /* LoadingViewController.swift */; };
		1E3E09302CB2AAB400EE1868 /* re.mp3 in Resources */ = {isa = PBXBuildFile; fileRef = 1E3E09272CB2AAB400EE1868 /* re.mp3 */; };
		1E3E09312CB2AAB400EE1868 /* doh.mp3 in Resources */ = {isa = PBXBuildFile; fileRef = 1E3E09242CB2AAB400EE1868 /* doh.mp3 */; };
		1E3E09322CB2AAB400EE1868 /* ra.mp3 in Resources */ = {isa = PBXBuildFile; fileRef = 1E3E09252CB2AAB400EE1868 /* ra.mp3 */; };
		1E3E09332CB2AAB400EE1868 /* do.mp3 in Resources */ = {isa = PBXBuildFile; fileRef = 1E3E09222CB2AAB400EE1868 /* do.mp3 */; };
		1E3E09342CB2AAB400EE1868 /* reh.mp3 in Resources */ = {isa = PBXBuildFile; fileRef = 1E3E09282CB2AAB400EE1868 /* reh.mp3 */; };
		1E3E09352CB2AAB400EE1868 /* pah.mp3 in Resources */ = {isa = PBXBuildFile; fileRef = 1E3E092F2CB2AAB400EE1868 /* pah.mp3 */; };
		1E3E09362CB2AAB400EE1868 /* sol.mp3 in Resources */ = {isa = PBXBuildFile; fileRef = 1E3E092B2CB2AAB400EE1868 /* sol.mp3 */; };
		1E3E09372CB2AAB400EE1868 /* solh.mp3 in Resources */ = {isa = PBXBuildFile; fileRef = 1E3E092C2CB2AAB400EE1868 /* solh.mp3 */; };
		1E3E09382CB2AAB400EE1868 /* dohigh.mp3 in Resources */ = {isa = PBXBuildFile; fileRef = 1E3E09232CB2AAB400EE1868 /* dohigh.mp3 */; };
		1E3E09392CB2AAB400EE1868 /* si.mp3 in Resources */ = {isa = PBXBuildFile; fileRef = 1E3E092D2CB2AAB400EE1868 /* si.mp3 */; };
		1E3E093A2CB2AAB400EE1868 /* silence.mp3 in Resources */ = {isa = PBXBuildFile; fileRef = 1E3E092A2CB2AAB400EE1868 /* silence.mp3 */; };
		1E3E093B2CB2AAB400EE1868 /* me.mp3 in Resources */ = {isa = PBXBuildFile; fileRef = 1E3E09292CB2AAB400EE1868 /* me.mp3 */; };
		1E3E093C2CB2AAB400EE1868 /* rah.mp3 in Resources */ = {isa = PBXBuildFile; fileRef = 1E3E09262CB2AAB400EE1868 /* rah.mp3 */; };
		1E3E093D2CB2AAB400EE1868 /* pa.mp3 in Resources */ = {isa = PBXBuildFile; fileRef = 1E3E092E2CB2AAB400EE1868 /* pa.mp3 */; };
		1E3E09402CB2AB0800EE1868 /* MahlFaGe4Sample.musicxml in Resources */ = {isa = PBXBuildFile; fileRef = 1E3E093F2CB2AB0800EE1868 /* MahlFaGe4Sample.musicxml */; };
		1E3E09422CB3ED5000EE1868 /* speechDo.mp3 in Resources */ = {isa = PBXBuildFile; fileRef = 1E3E09412CB3ED5000EE1868 /* speechDo.mp3 */; };
		1E3E09452CB3EDA500EE1868 /* speechRe.mp3 in Resources */ = {isa = PBXBuildFile; fileRef = 1E3E09442CB3EDA500EE1868 /* speechRe.mp3 */; };
		1E3E09472CB3EDD800EE1868 /* speechMe.mp3 in Resources */ = {isa = PBXBuildFile; fileRef = 1E3E09462CB3EDD800EE1868 /* speechMe.mp3 */; };
		1E3E09492CB3EE0600EE1868 /* speechPa.mp3 in Resources */ = {isa = PBXBuildFile; fileRef = 1E3E09482CB3EE0600EE1868 /* speechPa.mp3 */; };
		1E3E094B2CB3EE3D00EE1868 /* speechSol.mp3 in Resources */ = {isa = PBXBuildFile; fileRef = 1E3E094A2CB3EE3D00EE1868 /* speechSol.mp3 */; };
		1E3E094D2CB3EE6700EE1868 /* speechRa.mp3 in Resources */ = {isa = PBXBuildFile; fileRef = 1E3E094C2CB3EE6700EE1868 /* speechRa.mp3 */; };
		1E3E094F2CB3EE9F00EE1868 /* speechSi.mp3 in Resources */ = {isa = PBXBuildFile; fileRef = 1E3E094E2CB3EE9F00EE1868 /* speechSi.mp3 */; };
		1EF8A0B12CB55A2500ADB783 /* DataManager.swift in Sources */ = {isa = PBXBuildFile; fileRef = 1EF8A0B02CB55A1B00ADB783 /* DataManager.swift */; };
		1EF8A0B42CB55A3700ADB783 /* ListView.swift in Sources */ = {isa = PBXBuildFile; fileRef = 1EF8A0B32CB55A3300ADB783 /* ListView.swift */; };
		1EF8A0B62CB55A4100ADB783 /* FileManager.swift in Sources */ = {isa = PBXBuildFile; fileRef = 1EF8A0B52CB55A3D00ADB783 /* FileManager.swift */; };
		1EF8A0B82CB55A4B00ADB783 /* WatchManager.swift in Sources */ = {isa = PBXBuildFile; fileRef = 1EF8A0B72CB55A4600ADB783 /* WatchManager.swift */; };
		1EF8A0BC2CB55A7A00ADB783 /* Empty.swift in Sources */ = {isa = PBXBuildFile; fileRef = 1EF8A0BB2CB55A6300ADB783 /* Empty.swift */; };
		1EF8A0BE2CB55A8700ADB783 /* ServerManager.swift in Sources */ = {isa = PBXBuildFile; fileRef = 1EF8A0BD2CB55A7F00ADB783 /* ServerManager.swift */; };
		D36E430D2CB642630038994B /* ConnectivityManager.swift in Sources */ = {isa = PBXBuildFile; fileRef = D36E430C2CB642630038994B /* ConnectivityManager.swift */; };
		D39BAA272CBA6536002AD1C0 /* SoundSetting.swift in Sources */ = {isa = PBXBuildFile; fileRef = D39BAA262CBA6536002AD1C0 /* SoundSetting.swift */; };
		D3ABDF6B2CB6A325005CD01F /* SettingView.swift in Sources */ = {isa = PBXBuildFile; fileRef = D3ABDF6A2CB6A325005CD01F /* SettingView.swift */; };
		D3ABDF6D2CB6A343005CD01F /* SettingViewController.swift in Sources */ = {isa = PBXBuildFile; fileRef = D3ABDF6C2CB6A343005CD01F /* SettingViewController.swift */; };
		D3ABDF6F2CB6A395005CD01F /* UserDefaults.swift in Sources */ = {isa = PBXBuildFile; fileRef = D3ABDF6E2CB6A395005CD01F /* UserDefaults.swift */; };
		D3ABDF712CB6B68C005CD01F /* Notification.swift in Sources */ = {isa = PBXBuildFile; fileRef = D3ABDF702CB6B68C005CD01F /* Notification.swift */; };
		EEBE60B82CB6526C00BC6739 /* AddGridViewController.swift in Sources */ = {isa = PBXBuildFile; fileRef = EEBE60B72CB6526400BC6739 /* AddGridViewController.swift */; };
		EEBE60BC2CB66CCD00BC6739 /* PDFConvertManager.swift in Sources */ = {isa = PBXBuildFile; fileRef = EEBE60BB2CB66C9000BC6739 /* PDFConvertManager.swift */; };
		EEBE60C02CB66D6800BC6739 /* MediaManager.swift in Sources */ = {isa = PBXBuildFile; fileRef = EEBE60BF2CB66D6300BC6739 /* MediaManager.swift */; };
/* End PBXBuildFile section */

/* Begin PBXContainerItemProxy section */
		02CFE12A2CB1156D008454B8 /* PBXContainerItemProxy */ = {
			isa = PBXContainerItemProxy;
			containerPortal = 02BFECE02CB10A13003CEC8A /* Project object */;
			proxyType = 1;
			remoteGlobalIDString = 02CFE11E2CB1156C008454B8;
			remoteInfo = RhythmTokTokWatchApp;
		};
/* End PBXContainerItemProxy section */

/* Begin PBXCopyFilesBuildPhase section */
		02CFE1302CB1156D008454B8 /* Embed Watch Content */ = {
			isa = PBXCopyFilesBuildPhase;
			buildActionMask = 2147483647;
			dstPath = "$(CONTENTS_FOLDER_PATH)/Watch";
			dstSubfolderSpec = 16;
			files = (
				02CFE12C2CB1156D008454B8 /* RhythmTokTokWatchApp.app in Embed Watch Content */,
			);
			name = "Embed Watch Content";
			runOnlyForDeploymentPostprocessing = 0;
		};
/* End PBXCopyFilesBuildPhase section */

/* Begin PBXFileReference section */
		02BFECE82CB10A13003CEC8A /* RhythmTokTok.app */ = {isa = PBXFileReference; explicitFileType = wrapper.application; includeInIndex = 0; path = RhythmTokTok.app; sourceTree = BUILT_PRODUCTS_DIR; };
		02BFECEB2CB10A13003CEC8A /* AppDelegate.swift */ = {isa = PBXFileReference; lastKnownFileType = sourcecode.swift; path = AppDelegate.swift; sourceTree = "<group>"; };
		02BFECED2CB10A13003CEC8A /* SceneDelegate.swift */ = {isa = PBXFileReference; lastKnownFileType = sourcecode.swift; path = SceneDelegate.swift; sourceTree = "<group>"; };
		02BFECEF2CB10A13003CEC8A /* ViewController.swift */ = {isa = PBXFileReference; lastKnownFileType = sourcecode.swift; path = ViewController.swift; sourceTree = "<group>"; };
		02BFECF52CB10A13003CEC8A /* RhythmTokTok.xcdatamodel */ = {isa = PBXFileReference; lastKnownFileType = wrapper.xcdatamodel; path = RhythmTokTok.xcdatamodel; sourceTree = "<group>"; };
		02BFECF72CB10A15003CEC8A /* Assets.xcassets */ = {isa = PBXFileReference; lastKnownFileType = folder.assetcatalog; path = Assets.xcassets; sourceTree = "<group>"; };
		02BFECFA2CB10A15003CEC8A /* Base */ = {isa = PBXFileReference; lastKnownFileType = file.storyboard; name = Base; path = Base.lproj/LaunchScreen.storyboard; sourceTree = "<group>"; };
		02BFECFC2CB10A15003CEC8A /* Info.plist */ = {isa = PBXFileReference; lastKnownFileType = text.plist.xml; path = Info.plist; sourceTree = "<group>"; };
		02BFED032CB10B52003CEC8A /* .swiftlint.yml */ = {isa = PBXFileReference; lastKnownFileType = text.yaml; path = .swiftlint.yml; sourceTree = "<group>"; };
		02CFE11F2CB1156C008454B8 /* RhythmTokTokWatchApp.app */ = {isa = PBXFileReference; explicitFileType = wrapper.application; includeInIndex = 0; path = RhythmTokTokWatchApp.app; sourceTree = BUILT_PRODUCTS_DIR; };
		02CFE1212CB1156C008454B8 /* RhythmTokTokWatchApp.swift */ = {isa = PBXFileReference; lastKnownFileType = sourcecode.swift; path = RhythmTokTokWatchApp.swift; sourceTree = "<group>"; };
		02CFE1232CB1156C008454B8 /* ContentView.swift */ = {isa = PBXFileReference; lastKnownFileType = sourcecode.swift; path = ContentView.swift; sourceTree = "<group>"; };
		02CFE1252CB1156D008454B8 /* Assets.xcassets */ = {isa = PBXFileReference; lastKnownFileType = folder.assetcatalog; path = Assets.xcassets; sourceTree = "<group>"; };
		02CFE1282CB1156D008454B8 /* Preview Assets.xcassets */ = {isa = PBXFileReference; lastKnownFileType = folder.assetcatalog; path = "Preview Assets.xcassets"; sourceTree = "<group>"; };
		02CFE1312CB68479008454B8 /* ErrorHandler.swift */ = {isa = PBXFileReference; lastKnownFileType = sourcecode.swift; path = ErrorHandler.swift; sourceTree = "<group>"; };
		1E3E09152CB2988300EE1868 /* Measure.swift */ = {isa = PBXFileReference; lastKnownFileType = sourcecode.swift; path = Measure.swift; sourceTree = "<group>"; };
		1E3E09172CB298A900EE1868 /* Note.swift */ = {isa = PBXFileReference; lastKnownFileType = sourcecode.swift; path = Note.swift; sourceTree = "<group>"; };
		1E3E09192CB298E300EE1868 /* MusicXMLParser.swift */ = {isa = PBXFileReference; lastKnownFileType = sourcecode.swift; path = MusicXMLParser.swift; sourceTree = "<group>"; };
		1E3E091B2CB29E5100EE1868 /* Pitch.swift */ = {isa = PBXFileReference; lastKnownFileType = sourcecode.swift; path = Pitch.swift; sourceTree = "<group>"; };
		1E3E091D2CB2A1E700EE1868 /* MusicPlayer.swift */ = {isa = PBXFileReference; lastKnownFileType = sourcecode.swift; path = MusicPlayer.swift; sourceTree = "<group>"; };
		1E3E091F2CB2A32500EE1868 /* LoadingViewController.swift */ = {isa = PBXFileReference; lastKnownFileType = sourcecode.swift; path = LoadingViewController.swift; sourceTree = "<group>"; };
		1E3E09222CB2AAB400EE1868 /* do.mp3 */ = {isa = PBXFileReference; lastKnownFileType = audio.mp3; name = do.mp3; path = RhythmTokTok/Resources/Sound/do.mp3; sourceTree = SOURCE_ROOT; };
		1E3E09232CB2AAB400EE1868 /* dohigh.mp3 */ = {isa = PBXFileReference; lastKnownFileType = audio.mp3; name = dohigh.mp3; path = RhythmTokTok/Resources/Sound/dohigh.mp3; sourceTree = SOURCE_ROOT; };
		1E3E09242CB2AAB400EE1868 /* doh.mp3 */ = {isa = PBXFileReference; lastKnownFileType = audio.mp3; name = doh.mp3; path = RhythmTokTok/Resources/Sound/doh.mp3; sourceTree = SOURCE_ROOT; };
		1E3E09252CB2AAB400EE1868 /* ra.mp3 */ = {isa = PBXFileReference; lastKnownFileType = audio.mp3; name = ra.mp3; path = RhythmTokTok/Resources/Sound/ra.mp3; sourceTree = SOURCE_ROOT; };
		1E3E09262CB2AAB400EE1868 /* rah.mp3 */ = {isa = PBXFileReference; lastKnownFileType = audio.mp3; name = rah.mp3; path = RhythmTokTok/Resources/Sound/rah.mp3; sourceTree = SOURCE_ROOT; };
		1E3E09272CB2AAB400EE1868 /* re.mp3 */ = {isa = PBXFileReference; lastKnownFileType = audio.mp3; name = re.mp3; path = RhythmTokTok/Resources/Sound/re.mp3; sourceTree = SOURCE_ROOT; };
		1E3E09282CB2AAB400EE1868 /* reh.mp3 */ = {isa = PBXFileReference; lastKnownFileType = audio.mp3; name = reh.mp3; path = RhythmTokTok/Resources/Sound/reh.mp3; sourceTree = SOURCE_ROOT; };
		1E3E09292CB2AAB400EE1868 /* me.mp3 */ = {isa = PBXFileReference; lastKnownFileType = audio.mp3; name = me.mp3; path = RhythmTokTok/Resources/Sound/me.mp3; sourceTree = SOURCE_ROOT; };
		1E3E092A2CB2AAB400EE1868 /* silence.mp3 */ = {isa = PBXFileReference; lastKnownFileType = audio.mp3; name = silence.mp3; path = RhythmTokTok/Resources/Sound/silence.mp3; sourceTree = SOURCE_ROOT; };
		1E3E092B2CB2AAB400EE1868 /* sol.mp3 */ = {isa = PBXFileReference; lastKnownFileType = audio.mp3; name = sol.mp3; path = RhythmTokTok/Resources/Sound/sol.mp3; sourceTree = SOURCE_ROOT; };
		1E3E092C2CB2AAB400EE1868 /* solh.mp3 */ = {isa = PBXFileReference; lastKnownFileType = audio.mp3; name = solh.mp3; path = RhythmTokTok/Resources/Sound/solh.mp3; sourceTree = SOURCE_ROOT; };
		1E3E092D2CB2AAB400EE1868 /* si.mp3 */ = {isa = PBXFileReference; lastKnownFileType = audio.mp3; name = si.mp3; path = RhythmTokTok/Resources/Sound/si.mp3; sourceTree = SOURCE_ROOT; };
		1E3E092E2CB2AAB400EE1868 /* pa.mp3 */ = {isa = PBXFileReference; lastKnownFileType = audio.mp3; name = pa.mp3; path = RhythmTokTok/Resources/Sound/pa.mp3; sourceTree = SOURCE_ROOT; };
		1E3E092F2CB2AAB400EE1868 /* pah.mp3 */ = {isa = PBXFileReference; lastKnownFileType = audio.mp3; name = pah.mp3; path = RhythmTokTok/Resources/Sound/pah.mp3; sourceTree = SOURCE_ROOT; };
		1E3E093F2CB2AB0800EE1868 /* MahlFaGe4Sample.musicxml */ = {isa = PBXFileReference; lastKnownFileType = text.xml; path = MahlFaGe4Sample.musicxml; sourceTree = "<group>"; };
		1E3E09412CB3ED5000EE1868 /* speechDo.mp3 */ = {isa = PBXFileReference; lastKnownFileType = audio.mp3; name = speechDo.mp3; path = RhythmTokTok/Resources/Sound/Speech/speechDo.mp3; sourceTree = SOURCE_ROOT; };
		1E3E09442CB3EDA500EE1868 /* speechRe.mp3 */ = {isa = PBXFileReference; lastKnownFileType = audio.mp3; name = speechRe.mp3; path = RhythmTokTok/Resources/Sound/Speech/speechRe.mp3; sourceTree = SOURCE_ROOT; };
		1E3E09462CB3EDD800EE1868 /* speechMe.mp3 */ = {isa = PBXFileReference; lastKnownFileType = audio.mp3; name = speechMe.mp3; path = RhythmTokTok/Resources/Sound/Speech/speechMe.mp3; sourceTree = SOURCE_ROOT; };
		1E3E09482CB3EE0600EE1868 /* speechPa.mp3 */ = {isa = PBXFileReference; lastKnownFileType = audio.mp3; name = speechPa.mp3; path = RhythmTokTok/Resources/Sound/Speech/speechPa.mp3; sourceTree = SOURCE_ROOT; };
		1E3E094A2CB3EE3D00EE1868 /* speechSol.mp3 */ = {isa = PBXFileReference; lastKnownFileType = audio.mp3; name = speechSol.mp3; path = RhythmTokTok/Resources/Sound/Speech/speechSol.mp3; sourceTree = SOURCE_ROOT; };
		1E3E094C2CB3EE6700EE1868 /* speechRa.mp3 */ = {isa = PBXFileReference; lastKnownFileType = audio.mp3; name = speechRa.mp3; path = RhythmTokTok/Resources/Sound/Speech/speechRa.mp3; sourceTree = SOURCE_ROOT; };
		1E3E094E2CB3EE9F00EE1868 /* speechSi.mp3 */ = {isa = PBXFileReference; lastKnownFileType = audio.mp3; name = speechSi.mp3; path = RhythmTokTok/Resources/Sound/Speech/speechSi.mp3; sourceTree = SOURCE_ROOT; };
		1EF8A0B02CB55A1B00ADB783 /* DataManager.swift */ = {isa = PBXFileReference; lastKnownFileType = sourcecode.swift; path = DataManager.swift; sourceTree = "<group>"; };
		1EF8A0B32CB55A3300ADB783 /* ListView.swift */ = {isa = PBXFileReference; lastKnownFileType = sourcecode.swift; path = ListView.swift; sourceTree = "<group>"; };
		1EF8A0B52CB55A3D00ADB783 /* FileManager.swift */ = {isa = PBXFileReference; lastKnownFileType = sourcecode.swift; path = FileManager.swift; sourceTree = "<group>"; };
		1EF8A0B72CB55A4600ADB783 /* WatchManager.swift */ = {isa = PBXFileReference; lastKnownFileType = sourcecode.swift; path = WatchManager.swift; sourceTree = "<group>"; };
		1EF8A0BB2CB55A6300ADB783 /* Empty.swift */ = {isa = PBXFileReference; lastKnownFileType = sourcecode.swift; path = Empty.swift; sourceTree = "<group>"; };
		1EF8A0BD2CB55A7F00ADB783 /* ServerManager.swift */ = {isa = PBXFileReference; lastKnownFileType = sourcecode.swift; path = ServerManager.swift; sourceTree = "<group>"; };
		D36E430C2CB642630038994B /* ConnectivityManager.swift */ = {isa = PBXFileReference; lastKnownFileType = sourcecode.swift; path = ConnectivityManager.swift; sourceTree = "<group>"; };
		D39BAA262CBA6536002AD1C0 /* SoundSetting.swift */ = {isa = PBXFileReference; lastKnownFileType = sourcecode.swift; path = SoundSetting.swift; sourceTree = "<group>"; };
		D3ABDF6A2CB6A325005CD01F /* SettingView.swift */ = {isa = PBXFileReference; lastKnownFileType = sourcecode.swift; path = SettingView.swift; sourceTree = "<group>"; };
		D3ABDF6C2CB6A343005CD01F /* SettingViewController.swift */ = {isa = PBXFileReference; lastKnownFileType = sourcecode.swift; path = SettingViewController.swift; sourceTree = "<group>"; };
		D3ABDF6E2CB6A395005CD01F /* UserDefaults.swift */ = {isa = PBXFileReference; lastKnownFileType = sourcecode.swift; path = UserDefaults.swift; sourceTree = "<group>"; };
		D3ABDF702CB6B68C005CD01F /* Notification.swift */ = {isa = PBXFileReference; lastKnownFileType = sourcecode.swift; path = Notification.swift; sourceTree = "<group>"; };
		EEBE60B72CB6526400BC6739 /* AddGridViewController.swift */ = {isa = PBXFileReference; lastKnownFileType = sourcecode.swift; path = AddGridViewController.swift; sourceTree = "<group>"; };
		EEBE60BB2CB66C9000BC6739 /* PDFConvertManager.swift */ = {isa = PBXFileReference; lastKnownFileType = sourcecode.swift; path = PDFConvertManager.swift; sourceTree = "<group>"; };
		EEBE60BF2CB66D6300BC6739 /* MediaManager.swift */ = {isa = PBXFileReference; lastKnownFileType = sourcecode.swift; path = MediaManager.swift; sourceTree = "<group>"; };
/* End PBXFileReference section */

/* Begin PBXFrameworksBuildPhase section */
		02BFECE52CB10A13003CEC8A /* Frameworks */ = {
			isa = PBXFrameworksBuildPhase;
			buildActionMask = 2147483647;
			files = (
			);
			runOnlyForDeploymentPostprocessing = 0;
		};
		02CFE11C2CB1156C008454B8 /* Frameworks */ = {
			isa = PBXFrameworksBuildPhase;
			buildActionMask = 2147483647;
			files = (
			);
			runOnlyForDeploymentPostprocessing = 0;
		};
/* End PBXFrameworksBuildPhase section */

/* Begin PBXGroup section */
		02BFECDF2CB10A13003CEC8A = {
			isa = PBXGroup;
			children = (
				02BFED032CB10B52003CEC8A /* .swiftlint.yml */,
				02BFECEA2CB10A13003CEC8A /* RhythmTokTok */,
				02CFE1202CB1156C008454B8 /* RhythmTokTokWatchApp */,
				1E3E09112CB295D800EE1868 /* Frameworks */,
				02BFECE92CB10A13003CEC8A /* Products */,
			);
			sourceTree = "<group>";
		};
		02BFECE92CB10A13003CEC8A /* Products */ = {
			isa = PBXGroup;
			children = (
				02BFECE82CB10A13003CEC8A /* RhythmTokTok.app */,
				02CFE11F2CB1156C008454B8 /* RhythmTokTokWatchApp.app */,
			);
			name = Products;
			sourceTree = "<group>";
		};
		02BFECEA2CB10A13003CEC8A /* RhythmTokTok */ = {
			isa = PBXGroup;
			children = (
				02BFECEB2CB10A13003CEC8A /* AppDelegate.swift */,
				02BFECED2CB10A13003CEC8A /* SceneDelegate.swift */,
				1EF8A0A92CB559B300ADB783 /* Temp */,
				1EF8A0A42CB53DF100ADB783 /* Managers */,
				1E3E09142CB2987E00EE1868 /* Models */,
				1EF8A0A52CB53E2700ADB783 /* Views */,
				1E3E09212CB2A34700EE1868 /* ViewControllers */,
				1E3E093E2CB2AAC500EE1868 /* Resources */,
				1EF8A0A82CB53EAF00ADB783 /* Utils */,
				02BFECF72CB10A15003CEC8A /* Assets.xcassets */,
				02BFECF92CB10A15003CEC8A /* LaunchScreen.storyboard */,
				02BFECFC2CB10A15003CEC8A /* Info.plist */,
				02BFECF42CB10A13003CEC8A /* RhythmTokTok.xcdatamodeld */,
			);
			path = RhythmTokTok;
			sourceTree = "<group>";
		};
		02CFE1202CB1156C008454B8 /* RhythmTokTokWatchApp */ = {
			isa = PBXGroup;
			children = (
				02CFE1212CB1156C008454B8 /* RhythmTokTokWatchApp.swift */,
				D3ABDF692CB64ECE005CD01F /* View */,
				D3ABDF682CB64EBF005CD01F /* Manager */,
				02CFE1252CB1156D008454B8 /* Assets.xcassets */,
				02CFE1272CB1156D008454B8 /* Preview Content */,
			);
			path = RhythmTokTokWatchApp;
			sourceTree = "<group>";
		};
		02CFE1272CB1156D008454B8 /* Preview Content */ = {
			isa = PBXGroup;
			children = (
				02CFE1282CB1156D008454B8 /* Preview Assets.xcassets */,
			);
			path = "Preview Content";
			sourceTree = "<group>";
		};
		1E3E09112CB295D800EE1868 /* Frameworks */ = {
			isa = PBXGroup;
			children = (
			);
			name = Frameworks;
			sourceTree = "<group>";
		};
		1E3E09142CB2987E00EE1868 /* Models */ = {
			isa = PBXGroup;
			children = (
				1E3E09152CB2988300EE1868 /* Measure.swift */,
				1E3E09172CB298A900EE1868 /* Note.swift */,
				1EF8A0A62CB53E6B00ADB783 /* Enum */,
			);
			path = Models;
			sourceTree = "<group>";
		};
		1E3E09212CB2A34700EE1868 /* ViewControllers */ = {
			isa = PBXGroup;
			children = (
				02BFECEF2CB10A13003CEC8A /* ViewController.swift */,
				EEBE60B72CB6526400BC6739 /* AddGridViewController.swift */,
				1E3E091F2CB2A32500EE1868 /* LoadingViewController.swift */,
			);
			path = ViewControllers;
			sourceTree = "<group>";
		};
		1E3E093E2CB2AAC500EE1868 /* Resources */ = {
			isa = PBXGroup;
			children = (
				1E3E093F2CB2AB0800EE1868 /* MahlFaGe4Sample.musicxml */,
				1E3E09432CB3ED5400EE1868 /* Sound */,
			);
			name = Resources;
			path = RhythmTokTok/Resources;
			sourceTree = SOURCE_ROOT;
		};
		1E3E09432CB3ED5400EE1868 /* Sound */ = {
			isa = PBXGroup;
			children = (
				1E3E09222CB2AAB400EE1868 /* do.mp3 */,
				1E3E09232CB2AAB400EE1868 /* dohigh.mp3 */,
				1E3E09242CB2AAB400EE1868 /* doh.mp3 */,
				1E3E09252CB2AAB400EE1868 /* ra.mp3 */,
				1E3E092A2CB2AAB400EE1868 /* silence.mp3 */,
				1E3E092B2CB2AAB400EE1868 /* sol.mp3 */,
				1E3E092C2CB2AAB400EE1868 /* solh.mp3 */,
				1E3E092D2CB2AAB400EE1868 /* si.mp3 */,
				1E3E09502CB3EEA100EE1868 /* Speech */,
				1E3E092E2CB2AAB400EE1868 /* pa.mp3 */,
				1E3E092F2CB2AAB400EE1868 /* pah.mp3 */,
				1E3E09262CB2AAB400EE1868 /* rah.mp3 */,
				1E3E09272CB2AAB400EE1868 /* re.mp3 */,
				1E3E09282CB2AAB400EE1868 /* reh.mp3 */,
				1E3E09292CB2AAB400EE1868 /* me.mp3 */,
			);
			name = Sound;
			path = RhythmTokTok/Resources/Sound;
			sourceTree = SOURCE_ROOT;
		};
		1E3E09502CB3EEA100EE1868 /* Speech */ = {
			isa = PBXGroup;
			children = (
				1E3E09462CB3EDD800EE1868 /* speechMe.mp3 */,
				1E3E09412CB3ED5000EE1868 /* speechDo.mp3 */,
				1E3E09482CB3EE0600EE1868 /* speechPa.mp3 */,
				1E3E094C2CB3EE6700EE1868 /* speechRa.mp3 */,
				1E3E09442CB3EDA500EE1868 /* speechRe.mp3 */,
				1E3E094E2CB3EE9F00EE1868 /* speechSi.mp3 */,
				1E3E094A2CB3EE3D00EE1868 /* speechSol.mp3 */,
			);
			name = Speech;
			path = RhythmTokTok/Resources/Sound/Speech;
			sourceTree = SOURCE_ROOT;
		};
		1EF8A0A42CB53DF100ADB783 /* Managers */ = {
			isa = PBXGroup;
			children = (
				EEBE60BF2CB66D6300BC6739 /* MediaManager.swift */,
				EEBE60BB2CB66C9000BC6739 /* PDFConvertManager.swift */,
			);
			path = Managers;
			sourceTree = "<group>";
		};
		1EF8A0A52CB53E2700ADB783 /* Views */ = {
			isa = PBXGroup;
			children = (
				1EF8A0A72CB53E9A00ADB783 /* Components */,
			);
			path = Views;
			sourceTree = "<group>";
		};
		1EF8A0A62CB53E6B00ADB783 /* Enum */ = {
			isa = PBXGroup;
			children = (
				1E3E091B2CB29E5100EE1868 /* Pitch.swift */,
			);
			path = Enum;
			sourceTree = "<group>";
		};
		1EF8A0A72CB53E9A00ADB783 /* Components */ = {
			isa = PBXGroup;
			children = (
			);
			path = Components;
			sourceTree = "<group>";
		};
		1EF8A0A82CB53EAF00ADB783 /* Utils */ = {
			isa = PBXGroup;
			children = (
				1E3E09192CB298E300EE1868 /* MusicXMLParser.swift */,
				1E3E091D2CB2A1E700EE1868 /* MusicPlayer.swift */,
				02CFE1312CB68479008454B8 /* ErrorHandler.swift */,
			);
			path = Utils;
			sourceTree = "<group>";
		};
		1EF8A0A92CB559B300ADB783 /* Temp */ = {
			isa = PBXGroup;
			children = (
				1EF8A0AF2CB559E100ADB783 /* Lyosha */,
				1EF8A0AE2CB559DB00ADB783 /* Yusol */,
				1EF8A0AD2CB559D300ADB783 /* Nonang */,
				1EF8A0AC2CB559CE00ADB783 /* Bell */,
				1EF8A0AB2CB559C500ADB783 /* Kkugy */,
				1EF8A0AA2CB559C000ADB783 /* Wendy */,
			);
			path = Temp;
			sourceTree = "<group>";
		};
		1EF8A0AA2CB559C000ADB783 /* Wendy */ = {
			isa = PBXGroup;
			children = (
				1EF8A0BD2CB55A7F00ADB783 /* ServerManager.swift */,
			);
			path = Wendy;
			sourceTree = "<group>";
		};
		1EF8A0AB2CB559C500ADB783 /* Kkugy */ = {
			isa = PBXGroup;
			children = (
				1EF8A0BB2CB55A6300ADB783 /* Empty.swift */,
			);
			path = Kkugy;
			sourceTree = "<group>";
		};
		1EF8A0AC2CB559CE00ADB783 /* Bell */ = {
			isa = PBXGroup;
			children = (
				1EF8A0B72CB55A4600ADB783 /* WatchManager.swift */,
				D3ABDF6A2CB6A325005CD01F /* SettingView.swift */,
				D3ABDF6C2CB6A343005CD01F /* SettingViewController.swift */,
				D3ABDF6E2CB6A395005CD01F /* UserDefaults.swift */,
				D39BAA262CBA6536002AD1C0 /* SoundSetting.swift */,
				D3ABDF702CB6B68C005CD01F /* Notification.swift */,
			);
			path = Bell;
			sourceTree = "<group>";
		};
		1EF8A0AD2CB559D300ADB783 /* Nonang */ = {
			isa = PBXGroup;
			children = (
				1EF8A0B52CB55A3D00ADB783 /* FileManager.swift */,
			);
			path = Nonang;
			sourceTree = "<group>";
		};
		1EF8A0AE2CB559DB00ADB783 /* Yusol */ = {
			isa = PBXGroup;
			children = (
				1EF8A0B32CB55A3300ADB783 /* ListView.swift */,
			);
			path = Yusol;
			sourceTree = "<group>";
		};
		1EF8A0AF2CB559E100ADB783 /* Lyosha */ = {
			isa = PBXGroup;
			children = (
				1EF8A0B02CB55A1B00ADB783 /* DataManager.swift */,
			);
			path = Lyosha;
			sourceTree = "<group>";
		};
		D3ABDF682CB64EBF005CD01F /* Manager */ = {
			isa = PBXGroup;
			children = (
				D36E430C2CB642630038994B /* ConnectivityManager.swift */,
			);
			path = Manager;
			sourceTree = "<group>";
		};
		D3ABDF692CB64ECE005CD01F /* View */ = {
			isa = PBXGroup;
			children = (
				02CFE1232CB1156C008454B8 /* ContentView.swift */,
			);
			path = View;
			sourceTree = "<group>";
		};
/* End PBXGroup section */

/* Begin PBXNativeTarget section */
		02BFECE72CB10A13003CEC8A /* RhythmTokTok */ = {
			isa = PBXNativeTarget;
			buildConfigurationList = 02BFECFF2CB10A15003CEC8A /* Build configuration list for PBXNativeTarget "RhythmTokTok" */;
			buildPhases = (
				02BFED052CB111CA003CEC8A /* SwiftLint Script */,
				02BFECE42CB10A13003CEC8A /* Sources */,
				02BFECE52CB10A13003CEC8A /* Frameworks */,
				02BFECE62CB10A13003CEC8A /* Resources */,
				02CFE1302CB1156D008454B8 /* Embed Watch Content */,
			);
			buildRules = (
			);
			dependencies = (
				02CFE12B2CB1156D008454B8 /* PBXTargetDependency */,
			);
			name = RhythmTokTok;
			productName = RhythmTokTok;
			productReference = 02BFECE82CB10A13003CEC8A /* RhythmTokTok.app */;
			productType = "com.apple.product-type.application";
		};
		02CFE11E2CB1156C008454B8 /* RhythmTokTokWatchApp */ = {
			isa = PBXNativeTarget;
			buildConfigurationList = 02CFE12D2CB1156D008454B8 /* Build configuration list for PBXNativeTarget "RhythmTokTokWatchApp" */;
			buildPhases = (
				02CFE11B2CB1156C008454B8 /* Sources */,
				02CFE11C2CB1156C008454B8 /* Frameworks */,
				02CFE11D2CB1156C008454B8 /* Resources */,
			);
			buildRules = (
			);
			dependencies = (
			);
			name = RhythmTokTokWatchApp;
			productName = RhythmTokTokWatchApp;
			productReference = 02CFE11F2CB1156C008454B8 /* RhythmTokTokWatchApp.app */;
			productType = "com.apple.product-type.application";
		};
/* End PBXNativeTarget section */

/* Begin PBXProject section */
		02BFECE02CB10A13003CEC8A /* Project object */ = {
			isa = PBXProject;
			attributes = {
				BuildIndependentTargetsInParallel = 1;
				LastSwiftUpdateCheck = 1540;
				LastUpgradeCheck = 1600;
				TargetAttributes = {
					02BFECE72CB10A13003CEC8A = {
						CreatedOnToolsVersion = 15.4;
					};
					02CFE11E2CB1156C008454B8 = {
						CreatedOnToolsVersion = 15.4;
					};
				};
			};
			buildConfigurationList = 02BFECE32CB10A13003CEC8A /* Build configuration list for PBXProject "RhythmTokTok" */;
			compatibilityVersion = "Xcode 14.0";
			developmentRegion = en;
			hasScannedForEncodings = 0;
			knownRegions = (
				en,
				Base,
			);
			mainGroup = 02BFECDF2CB10A13003CEC8A;
			packageReferences = (
			);
			productRefGroup = 02BFECE92CB10A13003CEC8A /* Products */;
			projectDirPath = "";
			projectRoot = "";
			targets = (
				02BFECE72CB10A13003CEC8A /* RhythmTokTok */,
				02CFE11E2CB1156C008454B8 /* RhythmTokTokWatchApp */,
			);
		};
/* End PBXProject section */

/* Begin PBXResourcesBuildPhase section */
		02BFECE62CB10A13003CEC8A /* Resources */ = {
			isa = PBXResourcesBuildPhase;
			buildActionMask = 2147483647;
			files = (
				02BFED042CB10B52003CEC8A /* .swiftlint.yml in Resources */,
				1E3E094B2CB3EE3D00EE1868 /* speechSol.mp3 in Resources */,
				02BFECF82CB10A15003CEC8A /* Assets.xcassets in Resources */,
				02BFECFB2CB10A15003CEC8A /* Base in Resources */,
				1E3E09302CB2AAB400EE1868 /* re.mp3 in Resources */,
				1E3E094F2CB3EE9F00EE1868 /* speechSi.mp3 in Resources */,
				1E3E09312CB2AAB400EE1868 /* doh.mp3 in Resources */,
				1E3E09322CB2AAB400EE1868 /* ra.mp3 in Resources */,
				1E3E09332CB2AAB400EE1868 /* do.mp3 in Resources */,
				1E3E09342CB2AAB400EE1868 /* reh.mp3 in Resources */,
				1E3E09422CB3ED5000EE1868 /* speechDo.mp3 in Resources */,
				1E3E09472CB3EDD800EE1868 /* speechMe.mp3 in Resources */,
				1E3E09492CB3EE0600EE1868 /* speechPa.mp3 in Resources */,
				1E3E09352CB2AAB400EE1868 /* pah.mp3 in Resources */,
				1E3E09362CB2AAB400EE1868 /* sol.mp3 in Resources */,
				1E3E09372CB2AAB400EE1868 /* solh.mp3 in Resources */,
				1E3E09382CB2AAB400EE1868 /* dohigh.mp3 in Resources */,
				1E3E09392CB2AAB400EE1868 /* si.mp3 in Resources */,
				1E3E093A2CB2AAB400EE1868 /* silence.mp3 in Resources */,
				1E3E093B2CB2AAB400EE1868 /* me.mp3 in Resources */,
				1E3E093C2CB2AAB400EE1868 /* rah.mp3 in Resources */,
				1E3E093D2CB2AAB400EE1868 /* pa.mp3 in Resources */,
				1E3E09402CB2AB0800EE1868 /* MahlFaGe4Sample.musicxml in Resources */,
				1E3E09452CB3EDA500EE1868 /* speechRe.mp3 in Resources */,
				1E3E094D2CB3EE6700EE1868 /* speechRa.mp3 in Resources */,
			);
			runOnlyForDeploymentPostprocessing = 0;
		};
		02CFE11D2CB1156C008454B8 /* Resources */ = {
			isa = PBXResourcesBuildPhase;
			buildActionMask = 2147483647;
			files = (
				02CFE1292CB1156D008454B8 /* Preview Assets.xcassets in Resources */,
				02CFE1262CB1156D008454B8 /* Assets.xcassets in Resources */,
			);
			runOnlyForDeploymentPostprocessing = 0;
		};
/* End PBXResourcesBuildPhase section */

/* Begin PBXShellScriptBuildPhase section */
		02BFED052CB111CA003CEC8A /* SwiftLint Script */ = {
			isa = PBXShellScriptBuildPhase;
			buildActionMask = 2147483647;
			files = (
			);
			inputFileListPaths = (
			);
			inputPaths = (
			);
			name = "SwiftLint Script";
			outputFileListPaths = (
			);
			outputPaths = (
			);
			runOnlyForDeploymentPostprocessing = 0;
			shellPath = /bin/sh;
			shellScript = "export PATH=\"$PATH:/opt/homebrew/bin\"\nif which swiftlint > /dev/null; then\n  swiftlint\nelse\n  echo \"warning: SwiftLint not installed, download from https://github.com/realm/SwiftLint\"\nfi\n";
		};
/* End PBXShellScriptBuildPhase section */

/* Begin PBXSourcesBuildPhase section */
		02BFECE42CB10A13003CEC8A /* Sources */ = {
			isa = PBXSourcesBuildPhase;
			buildActionMask = 2147483647;
			files = (
				EEBE60BC2CB66CCD00BC6739 /* PDFConvertManager.swift in Sources */,
				D3ABDF6D2CB6A343005CD01F /* SettingViewController.swift in Sources */,
				1E3E09162CB2989B00EE1868 /* Measure.swift in Sources */,
				D3ABDF6F2CB6A395005CD01F /* UserDefaults.swift in Sources */,
				EEBE60B82CB6526C00BC6739 /* AddGridViewController.swift in Sources */,
				D3ABDF6B2CB6A325005CD01F /* SettingView.swift in Sources */,
				1EF8A0B42CB55A3700ADB783 /* ListView.swift in Sources */,
				1EF8A0B82CB55A4B00ADB783 /* WatchManager.swift in Sources */,
				1EF8A0B12CB55A2500ADB783 /* DataManager.swift in Sources */,
				1EF8A0B62CB55A4100ADB783 /* FileManager.swift in Sources */,
				02BFECF02CB10A13003CEC8A /* ViewController.swift in Sources */,
				1E3E091A2CB298E600EE1868 /* MusicXMLParser.swift in Sources */,
				1E3E09182CB298AB00EE1868 /* Note.swift in Sources */,
				02BFECF62CB10A13003CEC8A /* RhythmTokTok.xcdatamodeld in Sources */,
				02BFECEC2CB10A13003CEC8A /* AppDelegate.swift in Sources */,
				1E3E091C2CB29E5500EE1868 /* Pitch.swift in Sources */,
				02BFECEE2CB10A13003CEC8A /* SceneDelegate.swift in Sources */,
				1E3E09202CB2A34200EE1868 /* LoadingViewController.swift in Sources */,
				D39BAA272CBA6536002AD1C0 /* SoundSetting.swift in Sources */,
				1E3E091E2CB2A1F000EE1868 /* MusicPlayer.swift in Sources */,
				02CFE1322CB68479008454B8 /* ErrorHandler.swift in Sources */,
				D3ABDF712CB6B68C005CD01F /* Notification.swift in Sources */,
				1EF8A0BE2CB55A8700ADB783 /* ServerManager.swift in Sources */,
				EEBE60C02CB66D6800BC6739 /* MediaManager.swift in Sources */,
				1EF8A0BC2CB55A7A00ADB783 /* Empty.swift in Sources */,
			);
			runOnlyForDeploymentPostprocessing = 0;
		};
		02CFE11B2CB1156C008454B8 /* Sources */ = {
			isa = PBXSourcesBuildPhase;
			buildActionMask = 2147483647;
			files = (
				D36E430D2CB642630038994B /* ConnectivityManager.swift in Sources */,
				02CFE1352CB7D91F008454B8 /* ErrorHandler.swift in Sources */,
				02CFE1242CB1156C008454B8 /* ContentView.swift in Sources */,
				02CFE1222CB1156C008454B8 /* RhythmTokTokWatchApp.swift in Sources */,
			);
			runOnlyForDeploymentPostprocessing = 0;
		};
/* End PBXSourcesBuildPhase section */

/* Begin PBXTargetDependency section */
		02CFE12B2CB1156D008454B8 /* PBXTargetDependency */ = {
			isa = PBXTargetDependency;
			target = 02CFE11E2CB1156C008454B8 /* RhythmTokTokWatchApp */;
			targetProxy = 02CFE12A2CB1156D008454B8 /* PBXContainerItemProxy */;
		};
/* End PBXTargetDependency section */

/* Begin PBXVariantGroup section */
		02BFECF92CB10A15003CEC8A /* LaunchScreen.storyboard */ = {
			isa = PBXVariantGroup;
			children = (
				02BFECFA2CB10A15003CEC8A /* Base */,
			);
			name = LaunchScreen.storyboard;
			sourceTree = "<group>";
		};
/* End PBXVariantGroup section */

/* Begin XCBuildConfiguration section */
		02BFECFD2CB10A15003CEC8A /* Debug */ = {
			isa = XCBuildConfiguration;
			buildSettings = {
				ALWAYS_SEARCH_USER_PATHS = NO;
				ASSETCATALOG_COMPILER_GENERATE_SWIFT_ASSET_SYMBOL_EXTENSIONS = YES;
				CLANG_ANALYZER_NONNULL = YES;
				CLANG_ANALYZER_NUMBER_OBJECT_CONVERSION = YES_AGGRESSIVE;
				CLANG_CXX_LANGUAGE_STANDARD = "gnu++20";
				CLANG_ENABLE_MODULES = YES;
				CLANG_ENABLE_OBJC_ARC = YES;
				CLANG_ENABLE_OBJC_WEAK = YES;
				CLANG_WARN_BLOCK_CAPTURE_AUTORELEASING = YES;
				CLANG_WARN_BOOL_CONVERSION = YES;
				CLANG_WARN_COMMA = YES;
				CLANG_WARN_CONSTANT_CONVERSION = YES;
				CLANG_WARN_DEPRECATED_OBJC_IMPLEMENTATIONS = YES;
				CLANG_WARN_DIRECT_OBJC_ISA_USAGE = YES_ERROR;
				CLANG_WARN_DOCUMENTATION_COMMENTS = YES;
				CLANG_WARN_EMPTY_BODY = YES;
				CLANG_WARN_ENUM_CONVERSION = YES;
				CLANG_WARN_INFINITE_RECURSION = YES;
				CLANG_WARN_INT_CONVERSION = YES;
				CLANG_WARN_NON_LITERAL_NULL_CONVERSION = YES;
				CLANG_WARN_OBJC_IMPLICIT_RETAIN_SELF = YES;
				CLANG_WARN_OBJC_LITERAL_CONVERSION = YES;
				CLANG_WARN_OBJC_ROOT_CLASS = YES_ERROR;
				CLANG_WARN_QUOTED_INCLUDE_IN_FRAMEWORK_HEADER = YES;
				CLANG_WARN_RANGE_LOOP_ANALYSIS = YES;
				CLANG_WARN_STRICT_PROTOTYPES = YES;
				CLANG_WARN_SUSPICIOUS_MOVE = YES;
				CLANG_WARN_UNGUARDED_AVAILABILITY = YES_AGGRESSIVE;
				CLANG_WARN_UNREACHABLE_CODE = YES;
				CLANG_WARN__DUPLICATE_METHOD_MATCH = YES;
				COPY_PHASE_STRIP = NO;
				DEBUG_INFORMATION_FORMAT = dwarf;
				ENABLE_STRICT_OBJC_MSGSEND = YES;
				ENABLE_TESTABILITY = YES;
				ENABLE_USER_SCRIPT_SANDBOXING = NO;
				GCC_C_LANGUAGE_STANDARD = gnu17;
				GCC_DYNAMIC_NO_PIC = NO;
				GCC_NO_COMMON_BLOCKS = YES;
				GCC_OPTIMIZATION_LEVEL = 0;
				GCC_PREPROCESSOR_DEFINITIONS = (
					"DEBUG=1",
					"$(inherited)",
				);
				GCC_WARN_64_TO_32_BIT_CONVERSION = YES;
				GCC_WARN_ABOUT_RETURN_TYPE = YES_ERROR;
				GCC_WARN_UNDECLARED_SELECTOR = YES;
				GCC_WARN_UNINITIALIZED_AUTOS = YES_AGGRESSIVE;
				GCC_WARN_UNUSED_FUNCTION = YES;
				GCC_WARN_UNUSED_VARIABLE = YES;
				IPHONEOS_DEPLOYMENT_TARGET = 17.5;
				LOCALIZATION_PREFERS_STRING_CATALOGS = YES;
				MTL_ENABLE_DEBUG_INFO = INCLUDE_SOURCE;
				MTL_FAST_MATH = YES;
				ONLY_ACTIVE_ARCH = YES;
				SDKROOT = iphoneos;
				SWIFT_ACTIVE_COMPILATION_CONDITIONS = "DEBUG $(inherited)";
				SWIFT_OPTIMIZATION_LEVEL = "-Onone";
			};
			name = Debug;
		};
		02BFECFE2CB10A15003CEC8A /* Release */ = {
			isa = XCBuildConfiguration;
			buildSettings = {
				ALWAYS_SEARCH_USER_PATHS = NO;
				ASSETCATALOG_COMPILER_GENERATE_SWIFT_ASSET_SYMBOL_EXTENSIONS = YES;
				CLANG_ANALYZER_NONNULL = YES;
				CLANG_ANALYZER_NUMBER_OBJECT_CONVERSION = YES_AGGRESSIVE;
				CLANG_CXX_LANGUAGE_STANDARD = "gnu++20";
				CLANG_ENABLE_MODULES = YES;
				CLANG_ENABLE_OBJC_ARC = YES;
				CLANG_ENABLE_OBJC_WEAK = YES;
				CLANG_WARN_BLOCK_CAPTURE_AUTORELEASING = YES;
				CLANG_WARN_BOOL_CONVERSION = YES;
				CLANG_WARN_COMMA = YES;
				CLANG_WARN_CONSTANT_CONVERSION = YES;
				CLANG_WARN_DEPRECATED_OBJC_IMPLEMENTATIONS = YES;
				CLANG_WARN_DIRECT_OBJC_ISA_USAGE = YES_ERROR;
				CLANG_WARN_DOCUMENTATION_COMMENTS = YES;
				CLANG_WARN_EMPTY_BODY = YES;
				CLANG_WARN_ENUM_CONVERSION = YES;
				CLANG_WARN_INFINITE_RECURSION = YES;
				CLANG_WARN_INT_CONVERSION = YES;
				CLANG_WARN_NON_LITERAL_NULL_CONVERSION = YES;
				CLANG_WARN_OBJC_IMPLICIT_RETAIN_SELF = YES;
				CLANG_WARN_OBJC_LITERAL_CONVERSION = YES;
				CLANG_WARN_OBJC_ROOT_CLASS = YES_ERROR;
				CLANG_WARN_QUOTED_INCLUDE_IN_FRAMEWORK_HEADER = YES;
				CLANG_WARN_RANGE_LOOP_ANALYSIS = YES;
				CLANG_WARN_STRICT_PROTOTYPES = YES;
				CLANG_WARN_SUSPICIOUS_MOVE = YES;
				CLANG_WARN_UNGUARDED_AVAILABILITY = YES_AGGRESSIVE;
				CLANG_WARN_UNREACHABLE_CODE = YES;
				CLANG_WARN__DUPLICATE_METHOD_MATCH = YES;
				COPY_PHASE_STRIP = NO;
				DEBUG_INFORMATION_FORMAT = "dwarf-with-dsym";
				ENABLE_NS_ASSERTIONS = NO;
				ENABLE_STRICT_OBJC_MSGSEND = YES;
				ENABLE_USER_SCRIPT_SANDBOXING = NO;
				GCC_C_LANGUAGE_STANDARD = gnu17;
				GCC_NO_COMMON_BLOCKS = YES;
				GCC_WARN_64_TO_32_BIT_CONVERSION = YES;
				GCC_WARN_ABOUT_RETURN_TYPE = YES_ERROR;
				GCC_WARN_UNDECLARED_SELECTOR = YES;
				GCC_WARN_UNINITIALIZED_AUTOS = YES_AGGRESSIVE;
				GCC_WARN_UNUSED_FUNCTION = YES;
				GCC_WARN_UNUSED_VARIABLE = YES;
				IPHONEOS_DEPLOYMENT_TARGET = 17.5;
				LOCALIZATION_PREFERS_STRING_CATALOGS = YES;
				MTL_ENABLE_DEBUG_INFO = NO;
				MTL_FAST_MATH = YES;
				SDKROOT = iphoneos;
				SWIFT_COMPILATION_MODE = wholemodule;
				VALIDATE_PRODUCT = YES;
			};
			name = Release;
		};
		02BFED002CB10A15003CEC8A /* Debug */ = {
			isa = XCBuildConfiguration;
			buildSettings = {
				ASSETCATALOG_COMPILER_APPICON_NAME = AppIcon;
				ASSETCATALOG_COMPILER_GLOBAL_ACCENT_COLOR_NAME = AccentColor;
				CODE_SIGN_IDENTITY = "Apple Development";
				CODE_SIGN_STYLE = Automatic;
				CURRENT_PROJECT_VERSION = 1;
				DEVELOPMENT_TEAM = "";
				GENERATE_INFOPLIST_FILE = YES;
				INFOPLIST_FILE = RhythmTokTok/Info.plist;
				INFOPLIST_KEY_NSCameraUsageDescription = "이 앱은 카메라를 사용하여 사진을 촬영합니다.";
				INFOPLIST_KEY_UIApplicationSupportsIndirectInputEvents = YES;
				INFOPLIST_KEY_UILaunchStoryboardName = LaunchScreen;
				INFOPLIST_KEY_UISupportedInterfaceOrientations_iPad = "UIInterfaceOrientationPortrait UIInterfaceOrientationPortraitUpsideDown UIInterfaceOrientationLandscapeLeft UIInterfaceOrientationLandscapeRight";
				INFOPLIST_KEY_UISupportedInterfaceOrientations_iPhone = "UIInterfaceOrientationPortrait UIInterfaceOrientationLandscapeLeft UIInterfaceOrientationLandscapeRight";
				INFOPLIST_KEY_UIUserInterfaceStyle = Light;
				IPHONEOS_DEPLOYMENT_TARGET = 17.5;
				LD_RUNPATH_SEARCH_PATHS = (
					"$(inherited)",
					"@executable_path/Frameworks",
				);
				MARKETING_VERSION = 1.0;
				PRODUCT_BUNDLE_IDENTIFIER = com.cmdr.RhythmTokTok;
				PRODUCT_NAME = "$(TARGET_NAME)";
				PROVISIONING_PROFILE_SPECIFIER = "";
				SWIFT_EMIT_LOC_STRINGS = YES;
				SWIFT_VERSION = 5.0;
				TARGETED_DEVICE_FAMILY = "1,2";
			};
			name = Debug;
		};
		02BFED012CB10A15003CEC8A /* Release */ = {
			isa = XCBuildConfiguration;
			buildSettings = {
				ASSETCATALOG_COMPILER_APPICON_NAME = AppIcon;
				ASSETCATALOG_COMPILER_GLOBAL_ACCENT_COLOR_NAME = AccentColor;
				CODE_SIGN_IDENTITY = "Apple Development";
				CODE_SIGN_STYLE = Automatic;
				CURRENT_PROJECT_VERSION = 1;
				DEVELOPMENT_TEAM = "";
				GENERATE_INFOPLIST_FILE = YES;
				INFOPLIST_FILE = RhythmTokTok/Info.plist;
				INFOPLIST_KEY_NSCameraUsageDescription = "이 앱은 카메라를 사용하여 사진을 촬영합니다.";
				INFOPLIST_KEY_UIApplicationSupportsIndirectInputEvents = YES;
				INFOPLIST_KEY_UILaunchStoryboardName = LaunchScreen;
				INFOPLIST_KEY_UISupportedInterfaceOrientations_iPad = "UIInterfaceOrientationPortrait UIInterfaceOrientationPortraitUpsideDown UIInterfaceOrientationLandscapeLeft UIInterfaceOrientationLandscapeRight";
				INFOPLIST_KEY_UISupportedInterfaceOrientations_iPhone = "UIInterfaceOrientationPortrait UIInterfaceOrientationLandscapeLeft UIInterfaceOrientationLandscapeRight";
				INFOPLIST_KEY_UIUserInterfaceStyle = Light;
				IPHONEOS_DEPLOYMENT_TARGET = 17.5;
				LD_RUNPATH_SEARCH_PATHS = (
					"$(inherited)",
					"@executable_path/Frameworks",
				);
				MARKETING_VERSION = 1.0;
				PRODUCT_BUNDLE_IDENTIFIER = com.cmdr.RhythmTokTok;
				PRODUCT_NAME = "$(TARGET_NAME)";
				PROVISIONING_PROFILE_SPECIFIER = "";
				SWIFT_EMIT_LOC_STRINGS = YES;
				SWIFT_VERSION = 5.0;
				TARGETED_DEVICE_FAMILY = "1,2";
			};
			name = Release;
		};
		02CFE12E2CB1156D008454B8 /* Debug */ = {
			isa = XCBuildConfiguration;
			buildSettings = {
				ASSETCATALOG_COMPILER_APPICON_NAME = AppIcon;
				ASSETCATALOG_COMPILER_GLOBAL_ACCENT_COLOR_NAME = AccentColor;
				CODE_SIGN_IDENTITY = "Apple Development";
				CODE_SIGN_STYLE = Automatic;
				CURRENT_PROJECT_VERSION = 1;
				DEVELOPMENT_ASSET_PATHS = "\"RhythmTokTokWatchApp/Preview Content\"";
				DEVELOPMENT_TEAM = "";
				ENABLE_PREVIEWS = YES;
				ENABLE_USER_SCRIPT_SANDBOXING = YES;
				GENERATE_INFOPLIST_FILE = YES;
				INFOPLIST_KEY_CFBundleDisplayName = RhythmTokTok;
				INFOPLIST_KEY_UISupportedInterfaceOrientations = "UIInterfaceOrientationPortrait UIInterfaceOrientationPortraitUpsideDown";
				INFOPLIST_KEY_WKCompanionAppBundleIdentifier = com.cmdr.RhythmTokTok;
				LD_RUNPATH_SEARCH_PATHS = (
					"$(inherited)",
					"@executable_path/Frameworks",
				);
				MARKETING_VERSION = 1.0;
				PRODUCT_BUNDLE_IDENTIFIER = com.cmdr.RhythmTokTok.watchkitapp;
				PRODUCT_NAME = "$(TARGET_NAME)";
				PROVISIONING_PROFILE_SPECIFIER = "";
				SDKROOT = watchos;
				SKIP_INSTALL = YES;
				SWIFT_EMIT_LOC_STRINGS = YES;
				SWIFT_VERSION = 5.0;
				TARGETED_DEVICE_FAMILY = 4;
				WATCHOS_DEPLOYMENT_TARGET = 10.5;
			};
			name = Debug;
		};
		02CFE12F2CB1156D008454B8 /* Release */ = {
			isa = XCBuildConfiguration;
			buildSettings = {
				ASSETCATALOG_COMPILER_APPICON_NAME = AppIcon;
				ASSETCATALOG_COMPILER_GLOBAL_ACCENT_COLOR_NAME = AccentColor;
				CODE_SIGN_IDENTITY = "Apple Development";
				CODE_SIGN_STYLE = Automatic;
				CURRENT_PROJECT_VERSION = 1;
				DEVELOPMENT_ASSET_PATHS = "\"RhythmTokTokWatchApp/Preview Content\"";
				DEVELOPMENT_TEAM = "";
				ENABLE_PREVIEWS = YES;
				ENABLE_USER_SCRIPT_SANDBOXING = YES;
				GENERATE_INFOPLIST_FILE = YES;
				INFOPLIST_KEY_CFBundleDisplayName = RhythmTokTok;
				INFOPLIST_KEY_UISupportedInterfaceOrientations = "UIInterfaceOrientationPortrait UIInterfaceOrientationPortraitUpsideDown";
				INFOPLIST_KEY_WKCompanionAppBundleIdentifier = com.cmdr.RhythmTokTok;
				LD_RUNPATH_SEARCH_PATHS = (
					"$(inherited)",
					"@executable_path/Frameworks",
				);
				MARKETING_VERSION = 1.0;
				PRODUCT_BUNDLE_IDENTIFIER = com.cmdr.RhythmTokTok.watchkitapp;
				PRODUCT_NAME = "$(TARGET_NAME)";
				PROVISIONING_PROFILE_SPECIFIER = "";
				SDKROOT = watchos;
				SKIP_INSTALL = YES;
				SWIFT_EMIT_LOC_STRINGS = YES;
				SWIFT_VERSION = 5.0;
				TARGETED_DEVICE_FAMILY = 4;
				WATCHOS_DEPLOYMENT_TARGET = 10.5;
			};
			name = Release;
		};
/* End XCBuildConfiguration section */

/* Begin XCConfigurationList section */
		02BFECE32CB10A13003CEC8A /* Build configuration list for PBXProject "RhythmTokTok" */ = {
			isa = XCConfigurationList;
			buildConfigurations = (
				02BFECFD2CB10A15003CEC8A /* Debug */,
				02BFECFE2CB10A15003CEC8A /* Release */,
			);
			defaultConfigurationIsVisible = 0;
			defaultConfigurationName = Release;
		};
		02BFECFF2CB10A15003CEC8A /* Build configuration list for PBXNativeTarget "RhythmTokTok" */ = {
			isa = XCConfigurationList;
			buildConfigurations = (
				02BFED002CB10A15003CEC8A /* Debug */,
				02BFED012CB10A15003CEC8A /* Release */,
			);
			defaultConfigurationIsVisible = 0;
			defaultConfigurationName = Release;
		};
		02CFE12D2CB1156D008454B8 /* Build configuration list for PBXNativeTarget "RhythmTokTokWatchApp" */ = {
			isa = XCConfigurationList;
			buildConfigurations = (
				02CFE12E2CB1156D008454B8 /* Debug */,
				02CFE12F2CB1156D008454B8 /* Release */,
			);
			defaultConfigurationIsVisible = 0;
			defaultConfigurationName = Release;
		};
/* End XCConfigurationList section */

/* Begin XCVersionGroup section */
		02BFECF42CB10A13003CEC8A /* RhythmTokTok.xcdatamodeld */ = {
			isa = XCVersionGroup;
			children = (
				02BFECF52CB10A13003CEC8A /* RhythmTokTok.xcdatamodel */,
			);
			currentVersion = 02BFECF52CB10A13003CEC8A /* RhythmTokTok.xcdatamodel */;
			path = RhythmTokTok.xcdatamodeld;
			sourceTree = "<group>";
			versionGroupType = wrapper.xcdatamodel;
		};
/* End XCVersionGroup section */
	};
	rootObject = 02BFECE02CB10A13003CEC8A /* Project object */;
}
